
Microsoft Visual Studio Solution File, Format Version 12.00
# Visual Studio Version 17
VisualStudioVersion = 17.7.34221.43
MinimumVisualStudioVersion = 10.0.40219.1
Project("{FAE04EC0-301F-11D3-BF4B-00C04F79EFBC}") = "Site Emlak Programı", "Site Emlak Programı\Site Emlak Programı.csproj", "{0C1D8FCA-0B3B-4288-B365-3F4DDAFCA25E}"
EndProject
Global
	GlobalSection(SolutionConfigurationPlatforms) = preSolution
		Debug|Any CPU = Debug|Any CPU
		Release|Any CPU = Release|Any CPU
	EndGlobalSection
	GlobalSection(ProjectConfigurationPlatforms) = postSolution
		{0C1D8FCA-0B3B-4288-B365-3F4DDAFCA25E}.Debug|Any CPU.ActiveCfg = Debug|Any CPU
		{0C1D8FCA-0B3B-4288-B365-3F4DDAFCA25E}.Debug|Any CPU.Build.0 = Debug|Any CPU
		{0C1D8FCA-0B3B-4288-B365-3F4DDAFCA25E}.Release|Any CPU.ActiveCfg = Release|Any CPU
		{0C1D8FCA-0B3B-4288-B365-3F4DDAFCA25E}.Release|Any CPU.Build.0 = Release|Any CPU
	EndGlobalSection
	GlobalSection(SolutionProperties) = preSolution
		HideSolutionNode = FALSE
	EndGlobalSection
	GlobalSection(ExtensibilityGlobals) = postSolution
		SolutionGuid = {D92ADA27-3A36-446E-A6F5-381282C03AA2}
	EndGlobalSection
EndGlobal
